
Microsoft Visual Studio Solution File, Format Version 12.00
# Visual Studio 15
VisualStudioVersion = 15.0.28307.489
MinimumVisualStudioVersion = 10.0.40219.1
Project("{FAE04EC0-301F-11D3-BF4B-00C04F79EFBC}") = "TestingApp", "TestingApp\TestingApp.csproj", "{08F829E8-3E13-472E-89A4-0958B5149A25}"
EndProject
Global
	GlobalSection(SolutionConfigurationPlatforms) = preSolution
		Debug|Any CPU = Debug|Any CPU
		Release|Any CPU = Release|Any CPU
	EndGlobalSection
	GlobalSection(ProjectConfigurationPlatforms) = postSolution
		{08F829E8-3E13-472E-89A4-0958B5149A25}.Debug|Any CPU.ActiveCfg = Debug|Any CPU
		{08F829E8-3E13-472E-89A4-0958B5149A25}.Debug|Any CPU.Build.0 = Debug|Any CPU
		{08F829E8-3E13-472E-89A4-0958B5149A25}.Release|Any CPU.ActiveCfg = Release|Any CPU
		{08F829E8-3E13-472E-89A4-0958B5149A25}.Release|Any CPU.Build.0 = Release|Any CPU
	EndGlobalSection
	GlobalSection(SolutionProperties) = preSolution
		HideSolutionNode = FALSE
	EndGlobalSection
	GlobalSection(ExtensibilityGlobals) = postSolution
		SolutionGuid = {091682BE-42D5-465E-AA62-B791DF82640F}
	EndGlobalSection
EndGlobal
